
Microsoft Visual Studio Solution File, Format Version 12.00
# Visual Studio 15
VisualStudioVersion = 15.0.27703.2035
MinimumVisualStudioVersion = 10.0.40219.1
Project("{2150E333-8FDC-42A3-9474-1A3956D46DE8}") = "test", "test", "{0F51571A-2FAC-4D84-AD8D-DA8E7B126C4E}"
EndProject
Project("{9A19103F-16F7-4668-BE54-9A1E7A4F7556}") = "Rop.Tests.Unit", "test\Rop.Tests.Unit\Rop.Tests.Unit.csproj", "{B802EAE3-7EE3-482E-9B83-7BD552AB60A5}"
EndProject
Project("{2150E333-8FDC-42A3-9474-1A3956D46DE8}") = "src", "src", "{D1530523-6D7A-4025-A74B-02CC9EC8139C}"
EndProject
Project("{9A19103F-16F7-4668-BE54-9A1E7A4F7556}") = "Rop.Demo.Domain", "src\Rop.Demo.Domain\Rop.Demo.Domain.csproj", "{C3467C47-C28F-4F65-9941-C52ACA0409C0}"
EndProject
Project("{9A19103F-16F7-4668-BE54-9A1E7A4F7556}") = "Rop.Demo", "src\Rop.Demo\Rop.Demo.csproj", "{56587BBE-1063-435B-8F2C-3AFC2581D95E}"
EndProject
Project("{9A19103F-16F7-4668-BE54-9A1E7A4F7556}") = "Rop", "src\Rop\Rop.csproj", "{D81DEED1-E018-4B9D-AE9F-5EA8C9051A1E}"
EndProject
Project("{9A19103F-16F7-4668-BE54-9A1E7A4F7556}") = "Rop.Demo.WebApi", "src\Rop.Demo.WebApi\Rop.Demo.WebApi.csproj", "{49D89D6A-5E6D-409F-BC5B-EADD1EEDBE01}"
EndProject
Project("{9A19103F-16F7-4668-BE54-9A1E7A4F7556}") = "Rop.Demo.WebApi.Tests.Integration", "test\Rop.Demo.WebApi.Tests.Integration\Rop.Demo.WebApi.Tests.Integration.csproj", "{D809670E-D76A-4A9C-89E7-83F9F91314DA}"
EndProject
Global
	GlobalSection(SolutionConfigurationPlatforms) = preSolution
		Debug|Any CPU = Debug|Any CPU
		Release|Any CPU = Release|Any CPU
	EndGlobalSection
	GlobalSection(ProjectConfigurationPlatforms) = postSolution
		{B802EAE3-7EE3-482E-9B83-7BD552AB60A5}.Debug|Any CPU.ActiveCfg = Debug|Any CPU
		{B802EAE3-7EE3-482E-9B83-7BD552AB60A5}.Debug|Any CPU.Build.0 = Debug|Any CPU
		{B802EAE3-7EE3-482E-9B83-7BD552AB60A5}.Release|Any CPU.ActiveCfg = Release|Any CPU
		{B802EAE3-7EE3-482E-9B83-7BD552AB60A5}.Release|Any CPU.Build.0 = Release|Any CPU
		{C3467C47-C28F-4F65-9941-C52ACA0409C0}.Debug|Any CPU.ActiveCfg = Debug|Any CPU
		{C3467C47-C28F-4F65-9941-C52ACA0409C0}.Debug|Any CPU.Build.0 = Debug|Any CPU
		{C3467C47-C28F-4F65-9941-C52ACA0409C0}.Release|Any CPU.ActiveCfg = Release|Any CPU
		{C3467C47-C28F-4F65-9941-C52ACA0409C0}.Release|Any CPU.Build.0 = Release|Any CPU
		{56587BBE-1063-435B-8F2C-3AFC2581D95E}.Debug|Any CPU.ActiveCfg = Debug|Any CPU
		{56587BBE-1063-435B-8F2C-3AFC2581D95E}.Debug|Any CPU.Build.0 = Debug|Any CPU
		{56587BBE-1063-435B-8F2C-3AFC2581D95E}.Release|Any CPU.ActiveCfg = Release|Any CPU
		{56587BBE-1063-435B-8F2C-3AFC2581D95E}.Release|Any CPU.Build.0 = Release|Any CPU
		{D81DEED1-E018-4B9D-AE9F-5EA8C9051A1E}.Debug|Any CPU.ActiveCfg = Debug|Any CPU
		{D81DEED1-E018-4B9D-AE9F-5EA8C9051A1E}.Debug|Any CPU.Build.0 = Debug|Any CPU
		{D81DEED1-E018-4B9D-AE9F-5EA8C9051A1E}.Release|Any CPU.ActiveCfg = Release|Any CPU
		{D81DEED1-E018-4B9D-AE9F-5EA8C9051A1E}.Release|Any CPU.Build.0 = Release|Any CPU
		{49D89D6A-5E6D-409F-BC5B-EADD1EEDBE01}.Debug|Any CPU.ActiveCfg = Debug|Any CPU
		{49D89D6A-5E6D-409F-BC5B-EADD1EEDBE01}.Debug|Any CPU.Build.0 = Debug|Any CPU
		{49D89D6A-5E6D-409F-BC5B-EADD1EEDBE01}.Release|Any CPU.ActiveCfg = Release|Any CPU
		{49D89D6A-5E6D-409F-BC5B-EADD1EEDBE01}.Release|Any CPU.Build.0 = Release|Any CPU
		{D809670E-D76A-4A9C-89E7-83F9F91314DA}.Debug|Any CPU.ActiveCfg = Debug|Any CPU
		{D809670E-D76A-4A9C-89E7-83F9F91314DA}.Debug|Any CPU.Build.0 = Debug|Any CPU
		{D809670E-D76A-4A9C-89E7-83F9F91314DA}.Release|Any CPU.ActiveCfg = Release|Any CPU
		{D809670E-D76A-4A9C-89E7-83F9F91314DA}.Release|Any CPU.Build.0 = Release|Any CPU
	EndGlobalSection
	GlobalSection(SolutionProperties) = preSolution
		HideSolutionNode = FALSE
	EndGlobalSection
	GlobalSection(NestedProjects) = preSolution
		{B802EAE3-7EE3-482E-9B83-7BD552AB60A5} = {0F51571A-2FAC-4D84-AD8D-DA8E7B126C4E}
		{C3467C47-C28F-4F65-9941-C52ACA0409C0} = {D1530523-6D7A-4025-A74B-02CC9EC8139C}
		{56587BBE-1063-435B-8F2C-3AFC2581D95E} = {D1530523-6D7A-4025-A74B-02CC9EC8139C}
		{D81DEED1-E018-4B9D-AE9F-5EA8C9051A1E} = {D1530523-6D7A-4025-A74B-02CC9EC8139C}
		{49D89D6A-5E6D-409F-BC5B-EADD1EEDBE01} = {D1530523-6D7A-4025-A74B-02CC9EC8139C}
		{D809670E-D76A-4A9C-89E7-83F9F91314DA} = {0F51571A-2FAC-4D84-AD8D-DA8E7B126C4E}
	EndGlobalSection
	GlobalSection(ExtensibilityGlobals) = postSolution
		SolutionGuid = {2B8F39D3-3591-43B4-A397-560F97854C79}
	EndGlobalSection
EndGlobal
